
Microsoft Visual Studio Solution File, Format Version 12.00
# Visual Studio Version 17
VisualStudioVersion = 17.2.32630.192
MinimumVisualStudioVersion = 10.0.40219.1
Project("{FAE04EC0-301F-11D3-BF4B-00C04F79EFBC}") = "01.Fibonacci", "01.Fibonacci\01.Fibonacci.csproj", "{366E5E83-6DC1-472F-94D5-04BB4BB784A6}"
EndProject
Project("{FAE04EC0-301F-11D3-BF4B-00C04F79EFBC}") = "02. Move Down Right Sum", "02. Move Down Right\02. Move Down Right Sum.csproj", "{D7D27BB1-5D86-4084-9CB1-AB7C3DACD7A3}"
EndProject
Project("{FAE04EC0-301F-11D3-BF4B-00C04F79EFBC}") = "03. Longest Common Subsequence", "03. Longest Common Subsequence\03. Longest Common Subsequence.csproj", "{F60A3E18-934E-4742-B65B-78DFC2B51AC2}"
EndProject
Global
	GlobalSection(SolutionConfigurationPlatforms) = preSolution
		Debug|Any CPU = Debug|Any CPU
		Release|Any CPU = Release|Any CPU
	EndGlobalSection
	GlobalSection(ProjectConfigurationPlatforms) = postSolution
		{366E5E83-6DC1-472F-94D5-04BB4BB784A6}.Debug|Any CPU.ActiveCfg = Debug|Any CPU
		{366E5E83-6DC1-472F-94D5-04BB4BB784A6}.Debug|Any CPU.Build.0 = Debug|Any CPU
		{366E5E83-6DC1-472F-94D5-04BB4BB784A6}.Release|Any CPU.ActiveCfg = Release|Any CPU
		{366E5E83-6DC1-472F-94D5-04BB4BB784A6}.Release|Any CPU.Build.0 = Release|Any CPU
		{D7D27BB1-5D86-4084-9CB1-AB7C3DACD7A3}.Debug|Any CPU.ActiveCfg = Debug|Any CPU
		{D7D27BB1-5D86-4084-9CB1-AB7C3DACD7A3}.Debug|Any CPU.Build.0 = Debug|Any CPU
		{D7D27BB1-5D86-4084-9CB1-AB7C3DACD7A3}.Release|Any CPU.ActiveCfg = Release|Any CPU
		{D7D27BB1-5D86-4084-9CB1-AB7C3DACD7A3}.Release|Any CPU.Build.0 = Release|Any CPU
		{F60A3E18-934E-4742-B65B-78DFC2B51AC2}.Debug|Any CPU.ActiveCfg = Debug|Any CPU
		{F60A3E18-934E-4742-B65B-78DFC2B51AC2}.Debug|Any CPU.Build.0 = Debug|Any CPU
		{F60A3E18-934E-4742-B65B-78DFC2B51AC2}.Release|Any CPU.ActiveCfg = Release|Any CPU
		{F60A3E18-934E-4742-B65B-78DFC2B51AC2}.Release|Any CPU.Build.0 = Release|Any CPU
	EndGlobalSection
	GlobalSection(SolutionProperties) = preSolution
		HideSolutionNode = FALSE
	EndGlobalSection
	GlobalSection(ExtensibilityGlobals) = postSolution
		SolutionGuid = {F7C08ECD-4418-4072-8772-4C7E438915AE}
	EndGlobalSection
EndGlobal
